
Microsoft Visual Studio Solution File, Format Version 12.00
# Visual Studio Version 16
VisualStudioVersion = 16.0.29905.134
MinimumVisualStudioVersion = 10.0.40219.1
Project("{9A19103F-16F7-4668-BE54-9A1E7A4F7556}") = "Monstarlab.EntityFramework.Extension", "Monstarlab.EntityFramework.Extension\Monstarlab.EntityFramework.Extension.csproj", "{30F23EBE-4571-4215-8D70-F776A71BA51E}"
EndProject
Project("{FAE04EC0-301F-11D3-BF4B-00C04F79EFBC}") = "Monstarlab.EntityFramework.Extension.Tests", "Monstarlab.EntityFramework.Extension.Tests\Monstarlab.EntityFramework.Extension.Tests.csproj", "{170EDF01-1CAD-49CF-9837-D0076667247B}"
EndProject
Global
	GlobalSection(SolutionConfigurationPlatforms) = preSolution
		Debug|Any CPU = Debug|Any CPU
		Release|Any CPU = Release|Any CPU
	EndGlobalSection
	GlobalSection(ProjectConfigurationPlatforms) = postSolution
		{30F23EBE-4571-4215-8D70-F776A71BA51E}.Debug|Any CPU.ActiveCfg = Debug|Any CPU
		{30F23EBE-4571-4215-8D70-F776A71BA51E}.Debug|Any CPU.Build.0 = Debug|Any CPU
		{30F23EBE-4571-4215-8D70-F776A71BA51E}.Release|Any CPU.ActiveCfg = Release|Any CPU
		{30F23EBE-4571-4215-8D70-F776A71BA51E}.Release|Any CPU.Build.0 = Release|Any CPU
		{170EDF01-1CAD-49CF-9837-D0076667247B}.Debug|Any CPU.ActiveCfg = Debug|Any CPU
		{170EDF01-1CAD-49CF-9837-D0076667247B}.Debug|Any CPU.Build.0 = Debug|Any CPU
		{170EDF01-1CAD-49CF-9837-D0076667247B}.Release|Any CPU.ActiveCfg = Release|Any CPU
		{170EDF01-1CAD-49CF-9837-D0076667247B}.Release|Any CPU.Build.0 = Release|Any CPU
	EndGlobalSection
	GlobalSection(SolutionProperties) = preSolution
		HideSolutionNode = FALSE
	EndGlobalSection
	GlobalSection(ExtensibilityGlobals) = postSolution
		SolutionGuid = {2EAA433C-A97C-4EC8-99FA-B20F49448300}
	EndGlobalSection
EndGlobal
